// !$*UTF8*$!
{
	archiveVersion = 1;
	classes = {
	};
	objectVersion = 46;
	objects = {

/* Begin PBXBuildFile section */
		F20EDFA31E1B883600C842F9 /* AppDelegate.swift in Sources */ = {isa = PBXBuildFile; fileRef = F20EDFA21E1B883600C842F9 /* AppDelegate.swift */; };
		F20EDFA51E1B883600C842F9 /* Assets.xcassets in Resources */ = {isa = PBXBuildFile; fileRef = F20EDFA41E1B883600C842F9 /* Assets.xcassets */; };
		F20EDFA81E1B883600C842F9 /* MainMenu.xib in Resources */ = {isa = PBXBuildFile; fileRef = F20EDFA61E1B883600C842F9 /* MainMenu.xib */; };
		F20EDFB31E1B9EFA00C842F9 /* GeneralPreferencesViewController.swift in Sources */ = {isa = PBXBuildFile; fileRef = F20EDFB11E1B9EFA00C842F9 /* GeneralPreferencesViewController.swift */; };
		F20EDFB41E1B9EFA00C842F9 /* GeneralPreferencesViewController.xib in Resources */ = {isa = PBXBuildFile; fileRef = F20EDFB21E1B9EFA00C842F9 /* GeneralPreferencesViewController.xib */; };
		F20EDFB71E1B9F0E00C842F9 /* AboutPreferencesViewController.swift in Sources */ = {isa = PBXBuildFile; fileRef = F20EDFB51E1B9F0E00C842F9 /* AboutPreferencesViewController.swift */; };
		F20EDFB81E1B9F0E00C842F9 /* AboutPreferencesViewController.xib in Resources */ = {isa = PBXBuildFile; fileRef = F20EDFB61E1B9F0E00C842F9 /* AboutPreferencesViewController.xib */; };
		F20EDFBB1E1C1D1400C842F9 /* LoginBot.swift in Sources */ = {isa = PBXBuildFile; fileRef = F20EDFBA1E1C1D1400C842F9 /* LoginBot.swift */; };
		F23C74421E1D401C007B7B21 /* SwiftRegex.swift in Sources */ = {isa = PBXBuildFile; fileRef = F23C74411E1D401C007B7B21 /* SwiftRegex.swift */; };
		F2B1FDC91E264E6C00AE3D22 /* AppDelegate+Version.swift in Sources */ = {isa = PBXBuildFile; fileRef = F2B1FDC81E264E6C00AE3D22 /* AppDelegate+Version.swift */; };
		F2BEA0DE1E1D1B1E00DFAE92 /* coffeefy.js in Resources */ = {isa = PBXBuildFile; fileRef = F2BEA0DD1E1D1B1E00DFAE92 /* coffeefy.js */; };
		FB811DF32E815D2D4FBE4F1B /* Pods_Coffeefy.framework in Frameworks */ = {isa = PBXBuildFile; fileRef = C48D3B5A62CDD9F19DFC7D72 /* Pods_Coffeefy.framework */; };
/* End PBXBuildFile section */

/* Begin PBXFileReference section */
		0356958897CBA1B6DE6A3E02 /* Pods-Coffeefy.release.xcconfig */ = {isa = PBXFileReference; includeInIndex = 1; lastKnownFileType = text.xcconfig; name = "Pods-Coffeefy.release.xcconfig"; path = "Pods/Target Support Files/Pods-Coffeefy/Pods-Coffeefy.release.xcconfig"; sourceTree = "<group>"; };
		3C84D6F33407824D39B927AE /* Pods-Coffeefy.debug.xcconfig */ = {isa = PBXFileReference; includeInIndex = 1; lastKnownFileType = text.xcconfig; name = "Pods-Coffeefy.debug.xcconfig"; path = "Pods/Target Support Files/Pods-Coffeefy/Pods-Coffeefy.debug.xcconfig"; sourceTree = "<group>"; };
		C48D3B5A62CDD9F19DFC7D72 /* Pods_Coffeefy.framework */ = {isa = PBXFileReference; explicitFileType = wrapper.framework; includeInIndex = 0; path = Pods_Coffeefy.framework; sourceTree = BUILT_PRODUCTS_DIR; };
		F20EDF9F1E1B883600C842F9 /* Coffeefy.app */ = {isa = PBXFileReference; explicitFileType = wrapper.application; includeInIndex = 0; path = Coffeefy.app; sourceTree = BUILT_PRODUCTS_DIR; };
		F20EDFA21E1B883600C842F9 /* AppDelegate.swift */ = {isa = PBXFileReference; lastKnownFileType = sourcecode.swift; path = AppDelegate.swift; sourceTree = "<group>"; };
		F20EDFA41E1B883600C842F9 /* Assets.xcassets */ = {isa = PBXFileReference; lastKnownFileType = folder.assetcatalog; path = Assets.xcassets; sourceTree = "<group>"; };
		F20EDFA71E1B883600C842F9 /* Base */ = {isa = PBXFileReference; lastKnownFileType = file.xib; name = Base; path = Base.lproj/MainMenu.xib; sourceTree = "<group>"; };
		F20EDFA91E1B883600C842F9 /* Info.plist */ = {isa = PBXFileReference; lastKnownFileType = text.plist.xml; path = Info.plist; sourceTree = "<group>"; };
		F20EDFB11E1B9EFA00C842F9 /* GeneralPreferencesViewController.swift */ = {isa = PBXFileReference; fileEncoding = 4; lastKnownFileType = sourcecode.swift; path = GeneralPreferencesViewController.swift; sourceTree = "<group>"; };
		F20EDFB21E1B9EFA00C842F9 /* GeneralPreferencesViewController.xib */ = {isa = PBXFileReference; fileEncoding = 4; lastKnownFileType = file.xib; path = GeneralPreferencesViewController.xib; sourceTree = "<group>"; };
		F20EDFB51E1B9F0E00C842F9 /* AboutPreferencesViewController.swift */ = {isa = PBXFileReference; fileEncoding = 4; lastKnownFileType = sourcecode.swift; path = AboutPreferencesViewController.swift; sourceTree = "<group>"; };
		F20EDFB61E1B9F0E00C842F9 /* AboutPreferencesViewController.xib */ = {isa = PBXFileReference; fileEncoding = 4; lastKnownFileType = file.xib; path = AboutPreferencesViewController.xib; sourceTree = "<group>"; };
		F20EDFBA1E1C1D1400C842F9 /* LoginBot.swift */ = {isa = PBXFileReference; fileEncoding = 4; lastKnownFileType = sourcecode.swift; path = LoginBot.swift; sourceTree = "<group>"; };
		F23C74411E1D401C007B7B21 /* SwiftRegex.swift */ = {isa = PBXFileReference; fileEncoding = 4; lastKnownFileType = sourcecode.swift; path = SwiftRegex.swift; sourceTree = "<group>"; };
		F2B1FDC81E264E6C00AE3D22 /* AppDelegate+Version.swift */ = {isa = PBXFileReference; fileEncoding = 4; lastKnownFileType = sourcecode.swift; path = "AppDelegate+Version.swift"; sourceTree = "<group>"; };
		F2BEA0DD1E1D1B1E00DFAE92 /* coffeefy.js */ = {isa = PBXFileReference; fileEncoding = 4; lastKnownFileType = sourcecode.javascript; path = coffeefy.js; sourceTree = "<group>"; };
/* End PBXFileReference section */

/* Begin PBXFrameworksBuildPhase section */
		F20EDF9C1E1B883600C842F9 /* Frameworks */ = {
			isa = PBXFrameworksBuildPhase;
			buildActionMask = 2147483647;
			files = (
				FB811DF32E815D2D4FBE4F1B /* Pods_Coffeefy.framework in Frameworks */,
			);
			runOnlyForDeploymentPostprocessing = 0;
		};
/* End PBXFrameworksBuildPhase section */

/* Begin PBXGroup section */
		9428F2B51752208622B7B20D /* Pods */ = {
			isa = PBXGroup;
			children = (
				3C84D6F33407824D39B927AE /* Pods-Coffeefy.debug.xcconfig */,
				0356958897CBA1B6DE6A3E02 /* Pods-Coffeefy.release.xcconfig */,
			);
			name = Pods;
			sourceTree = "<group>";
		};
		D7187801D0682EB283B7D5AB /* Frameworks */ = {
			isa = PBXGroup;
			children = (
				C48D3B5A62CDD9F19DFC7D72 /* Pods_Coffeefy.framework */,
			);
			name = Frameworks;
			sourceTree = "<group>";
		};
		F20EDF961E1B883600C842F9 = {
			isa = PBXGroup;
			children = (
				F20EDFA11E1B883600C842F9 /* Coffeefy */,
				F20EDFA01E1B883600C842F9 /* Products */,
				9428F2B51752208622B7B20D /* Pods */,
				D7187801D0682EB283B7D5AB /* Frameworks */,
			);
			sourceTree = "<group>";
		};
		F20EDFA01E1B883600C842F9 /* Products */ = {
			isa = PBXGroup;
			children = (
				F20EDF9F1E1B883600C842F9 /* Coffeefy.app */,
			);
			name = Products;
			sourceTree = "<group>";
		};
		F20EDFA11E1B883600C842F9 /* Coffeefy */ = {
			isa = PBXGroup;
			children = (
				F2BEA0DD1E1D1B1E00DFAE92 /* coffeefy.js */,
				F20EDFB91E1B9F1300C842F9 /* Preferences */,
				F20EDFA21E1B883600C842F9 /* AppDelegate.swift */,
				F2B1FDC81E264E6C00AE3D22 /* AppDelegate+Version.swift */,
				F20EDFA41E1B883600C842F9 /* Assets.xcassets */,
				F20EDFA61E1B883600C842F9 /* MainMenu.xib */,
				F20EDFA91E1B883600C842F9 /* Info.plist */,
				F20EDFBA1E1C1D1400C842F9 /* LoginBot.swift */,
				F23C74411E1D401C007B7B21 /* SwiftRegex.swift */,
			);
			path = Coffeefy;
			sourceTree = "<group>";
		};
		F20EDFB91E1B9F1300C842F9 /* Preferences */ = {
			isa = PBXGroup;
			children = (
				F20EDFB11E1B9EFA00C842F9 /* GeneralPreferencesViewController.swift */,
				F20EDFB21E1B9EFA00C842F9 /* GeneralPreferencesViewController.xib */,
				F20EDFB51E1B9F0E00C842F9 /* AboutPreferencesViewController.swift */,
				F20EDFB61E1B9F0E00C842F9 /* AboutPreferencesViewController.xib */,
			);
			name = Preferences;
			sourceTree = "<group>";
		};
/* End PBXGroup section */

/* Begin PBXNativeTarget section */
		F20EDF9E1E1B883600C842F9 /* Coffeefy */ = {
			isa = PBXNativeTarget;
			buildConfigurationList = F20EDFAC1E1B883600C842F9 /* Build configuration list for PBXNativeTarget "Coffeefy" */;
			buildPhases = (
				A297B28923B3B4BFFE9CC0ED /* [CP] Check Pods Manifest.lock */,
				F20EDF9B1E1B883600C842F9 /* Sources */,
				F20EDF9C1E1B883600C842F9 /* Frameworks */,
				F20EDF9D1E1B883600C842F9 /* Resources */,
				5FA2C6D4C5956A35B68359F5 /* [CP] Embed Pods Frameworks */,
				04785A33CFFEDA4EBAB2A349 /* [CP] Copy Pods Resources */,
			);
			buildRules = (
			);
			dependencies = (
			);
			name = Coffeefy;
			productName = Coffeefy;
			productReference = F20EDF9F1E1B883600C842F9 /* Coffeefy.app */;
			productType = "com.apple.product-type.application";
		};
/* End PBXNativeTarget section */

/* Begin PBXProject section */
		F20EDF971E1B883600C842F9 /* Project object */ = {
			isa = PBXProject;
			attributes = {
				LastSwiftUpdateCheck = 0820;
				LastUpgradeCheck = 0820;
				ORGANIZATIONNAME = "Taegon Kim";
				TargetAttributes = {
					F20EDF9E1E1B883600C842F9 = {
						CreatedOnToolsVersion = 8.2.1;
						DevelopmentTeam = PJ627876A5;
						ProvisioningStyle = Automatic;
					};
				};
			};
			buildConfigurationList = F20EDF9A1E1B883600C842F9 /* Build configuration list for PBXProject "Coffeefy" */;
			compatibilityVersion = "Xcode 3.2";
			developmentRegion = English;
			hasScannedForEncodings = 0;
			knownRegions = (
				en,
				Base,
			);
			mainGroup = F20EDF961E1B883600C842F9;
			productRefGroup = F20EDFA01E1B883600C842F9 /* Products */;
			projectDirPath = "";
			projectRoot = "";
			targets = (
				F20EDF9E1E1B883600C842F9 /* Coffeefy */,
			);
		};
/* End PBXProject section */

/* Begin PBXResourcesBuildPhase section */
		F20EDF9D1E1B883600C842F9 /* Resources */ = {
			isa = PBXResourcesBuildPhase;
			buildActionMask = 2147483647;
			files = (
				F20EDFB41E1B9EFA00C842F9 /* GeneralPreferencesViewController.xib in Resources */,
				F20EDFA51E1B883600C842F9 /* Assets.xcassets in Resources */,
				F20EDFA81E1B883600C842F9 /* MainMenu.xib in Resources */,
				F20EDFB81E1B9F0E00C842F9 /* AboutPreferencesViewController.xib in Resources */,
				F2BEA0DE1E1D1B1E00DFAE92 /* coffeefy.js in Resources */,
			);
			runOnlyForDeploymentPostprocessing = 0;
		};
/* End PBXResourcesBuildPhase section */

/* Begin PBXShellScriptBuildPhase section */
		04785A33CFFEDA4EBAB2A349 /* [CP] Copy Pods Resources */ = {
			isa = PBXShellScriptBuildPhase;
			buildActionMask = 2147483647;
			files = (
			);
			inputPaths = (
			);
			name = "[CP] Copy Pods Resources";
			outputPaths = (
			);
			runOnlyForDeploymentPostprocessing = 0;
			shellPath = /bin/sh;
			shellScript = "\"${SRCROOT}/Pods/Target Support Files/Pods-Coffeefy/Pods-Coffeefy-resources.sh\"\n";
			showEnvVarsInLog = 0;
		};
		5FA2C6D4C5956A35B68359F5 /* [CP] Embed Pods Frameworks */ = {
			isa = PBXShellScriptBuildPhase;
			buildActionMask = 2147483647;
			files = (
			);
			inputPaths = (
			);
			name = "[CP] Embed Pods Frameworks";
			outputPaths = (
			);
			runOnlyForDeploymentPostprocessing = 0;
			shellPath = /bin/sh;
			shellScript = "\"${SRCROOT}/Pods/Target Support Files/Pods-Coffeefy/Pods-Coffeefy-frameworks.sh\"\n";
			showEnvVarsInLog = 0;
		};
		A297B28923B3B4BFFE9CC0ED /* [CP] Check Pods Manifest.lock */ = {
			isa = PBXShellScriptBuildPhase;
			buildActionMask = 2147483647;
			files = (
			);
			inputPaths = (
			);
			name = "[CP] Check Pods Manifest.lock";
			outputPaths = (
			);
			runOnlyForDeploymentPostprocessing = 0;
			shellPath = /bin/sh;
			shellScript = "diff \"${PODS_ROOT}/../Podfile.lock\" \"${PODS_ROOT}/Manifest.lock\" > /dev/null\nif [ $? != 0 ] ; then\n    # print error to STDERR\n    echo \"error: The sandbox is not in sync with the Podfile.lock. Run 'pod install' or update your CocoaPods installation.\" >&2\n    exit 1\nfi\n";
			showEnvVarsInLog = 0;
		};
/* End PBXShellScriptBuildPhase section */

/* Begin PBXSourcesBuildPhase section */
		F20EDF9B1E1B883600C842F9 /* Sources */ = {
			isa = PBXSourcesBuildPhase;
			buildActionMask = 2147483647;
			files = (
				F20EDFB31E1B9EFA00C842F9 /* GeneralPreferencesViewController.swift in Sources */,
				F20EDFA31E1B883600C842F9 /* AppDelegate.swift in Sources */,
				F23C74421E1D401C007B7B21 /* SwiftRegex.swift in Sources */,
				F20EDFB71E1B9F0E00C842F9 /* AboutPreferencesViewController.swift in Sources */,
				F20EDFBB1E1C1D1400C842F9 /* LoginBot.swift in Sources */,
				F2B1FDC91E264E6C00AE3D22 /* AppDelegate+Version.swift in Sources */,
			);
			runOnlyForDeploymentPostprocessing = 0;
		};
/* End PBXSourcesBuildPhase section */

/* Begin PBXVariantGroup section */
		F20EDFA61E1B883600C842F9 /* MainMenu.xib */ = {
			isa = PBXVariantGroup;
			children = (
				F20EDFA71E1B883600C842F9 /* Base */,
			);
			name = MainMenu.xib;
			sourceTree = "<group>";
		};
/* End PBXVariantGroup section */

/* Begin XCBuildConfiguration section */
		F20EDFAA1E1B883600C842F9 /* Debug */ = {
			isa = XCBuildConfiguration;
			buildSettings = {
				ALWAYS_SEARCH_USER_PATHS = NO;
				CLANG_ANALYZER_NONNULL = YES;
				CLANG_CXX_LANGUAGE_STANDARD = "gnu++0x";
				CLANG_CXX_LIBRARY = "libc++";
				CLANG_ENABLE_MODULES = YES;
				CLANG_ENABLE_OBJC_ARC = YES;
				CLANG_WARN_BOOL_CONVERSION = YES;
				CLANG_WARN_CONSTANT_CONVERSION = YES;
				CLANG_WARN_DIRECT_OBJC_ISA_USAGE = YES_ERROR;
				CLANG_WARN_DOCUMENTATION_COMMENTS = YES;
				CLANG_WARN_EMPTY_BODY = YES;
				CLANG_WARN_ENUM_CONVERSION = YES;
				CLANG_WARN_INFINITE_RECURSION = YES;
				CLANG_WARN_INT_CONVERSION = YES;
				CLANG_WARN_OBJC_ROOT_CLASS = YES_ERROR;
				CLANG_WARN_SUSPICIOUS_MOVE = YES;
				CLANG_WARN_UNREACHABLE_CODE = YES;
				CLANG_WARN__DUPLICATE_METHOD_MATCH = YES;
				CODE_SIGN_IDENTITY = "-";
				COPY_PHASE_STRIP = NO;
				DEBUG_INFORMATION_FORMAT = dwarf;
				ENABLE_STRICT_OBJC_MSGSEND = YES;
				ENABLE_TESTABILITY = YES;
				GCC_C_LANGUAGE_STANDARD = gnu99;
				GCC_DYNAMIC_NO_PIC = NO;
				GCC_NO_COMMON_BLOCKS = YES;
				GCC_OPTIMIZATION_LEVEL = 0;
				GCC_PREPROCESSOR_DEFINITIONS = (
					"DEBUG=1",
					"$(inherited)",
				);
				GCC_WARN_64_TO_32_BIT_CONVERSION = YES;
				GCC_WARN_ABOUT_RETURN_TYPE = YES_ERROR;
				GCC_WARN_UNDECLARED_SELECTOR = YES;
				GCC_WARN_UNINITIALIZED_AUTOS = YES_AGGRESSIVE;
				GCC_WARN_UNUSED_FUNCTION = YES;
				GCC_WARN_UNUSED_VARIABLE = YES;
				MACOSX_DEPLOYMENT_TARGET = 10.12;
				MTL_ENABLE_DEBUG_INFO = YES;
				ONLY_ACTIVE_ARCH = YES;
				SDKROOT = macosx;
				SWIFT_ACTIVE_COMPILATION_CONDITIONS = DEBUG;
				SWIFT_OPTIMIZATION_LEVEL = "-Onone";
			};
			name = Debug;
		};
		F20EDFAB1E1B883600C842F9 /* Release */ = {
			isa = XCBuildConfiguration;
			buildSettings = {
				ALWAYS_SEARCH_USER_PATHS = NO;
				CLANG_ANALYZER_NONNULL = YES;
				CLANG_CXX_LANGUAGE_STANDARD = "gnu++0x";
				CLANG_CXX_LIBRARY = "libc++";
				CLANG_ENABLE_MODULES = YES;
				CLANG_ENABLE_OBJC_ARC = YES;
				CLANG_WARN_BOOL_CONVERSION = YES;
				CLANG_WARN_CONSTANT_CONVERSION = YES;
				CLANG_WARN_DIRECT_OBJC_ISA_USAGE = YES_ERROR;
				CLANG_WARN_DOCUMENTATION_COMMENTS = YES;
				CLANG_WARN_EMPTY_BODY = YES;
				CLANG_WARN_ENUM_CONVERSION = YES;
				CLANG_WARN_INFINITE_RECURSION = YES;
				CLANG_WARN_INT_CONVERSION = YES;
				CLANG_WARN_OBJC_ROOT_CLASS = YES_ERROR;
				CLANG_WARN_SUSPICIOUS_MOVE = YES;
				CLANG_WARN_UNREACHABLE_CODE = YES;
				CLANG_WARN__DUPLICATE_METHOD_MATCH = YES;
				CODE_SIGN_IDENTITY = "-";
				COPY_PHASE_STRIP = NO;
				DEBUG_INFORMATION_FORMAT = "dwarf-with-dsym";
				ENABLE_NS_ASSERTIONS = NO;
				ENABLE_STRICT_OBJC_MSGSEND = YES;
				GCC_C_LANGUAGE_STANDARD = gnu99;
				GCC_NO_COMMON_BLOCKS = YES;
				GCC_WARN_64_TO_32_BIT_CONVERSION = YES;
				GCC_WARN_ABOUT_RETURN_TYPE = YES_ERROR;
				GCC_WARN_UNDECLARED_SELECTOR = YES;
				GCC_WARN_UNINITIALIZED_AUTOS = YES_AGGRESSIVE;
				GCC_WARN_UNUSED_FUNCTION = YES;
				GCC_WARN_UNUSED_VARIABLE = YES;
				MACOSX_DEPLOYMENT_TARGET = 10.12;
				MTL_ENABLE_DEBUG_INFO = NO;
				SDKROOT = macosx;
				SWIFT_OPTIMIZATION_LEVEL = "-Owholemodule";
			};
			name = Release;
		};
		F20EDFAD1E1B883600C842F9 /* Debug */ = {
			isa = XCBuildConfiguration;
			baseConfigurationReference = 3C84D6F33407824D39B927AE /* Pods-Coffeefy.debug.xcconfig */;
			buildSettings = {
				ASSETCATALOG_COMPILER_APPICON_NAME = AppIcon;
				CODE_SIGN_IDENTITY = "";
				COMBINE_HIDPI_IMAGES = YES;
				DEVELOPMENT_TEAM = PJ627876A5;
				INFOPLIST_FILE = Coffeefy/Info.plist;
				LD_RUNPATH_SEARCH_PATHS = "$(inherited) @executable_path/../Frameworks";
				MACOSX_DEPLOYMENT_TARGET = 10.11;
				PRODUCT_BUNDLE_IDENTIFIER = kim.taegon.Coffeefy;
				PRODUCT_NAME = "$(TARGET_NAME)";
				SWIFT_VERSION = 3.0;
			};
			name = Debug;
		};
		F20EDFAE1E1B883600C842F9 /* Release */ = {
			isa = XCBuildConfiguration;
			baseConfigurationReference = 0356958897CBA1B6DE6A3E02 /* Pods-Coffeefy.release.xcconfig */;
			buildSettings = {
				ASSETCATALOG_COMPILER_APPICON_NAME = AppIcon;
				CODE_SIGN_IDENTITY = "";
				COMBINE_HIDPI_IMAGES = YES;
				DEVELOPMENT_TEAM = PJ627876A5;
				INFOPLIST_FILE = Coffeefy/Info.plist;
				LD_RUNPATH_SEARCH_PATHS = "$(inherited) @executable_path/../Frameworks";
				MACOSX_DEPLOYMENT_TARGET = 10.11;
				PRODUCT_BUNDLE_IDENTIFIER = kim.taegon.Coffeefy;
				PRODUCT_NAME = "$(TARGET_NAME)";
				SWIFT_VERSION = 3.0;
			};
			name = Release;
		};
/* End XCBuildConfiguration section */

/* Begin XCConfigurationList section */
		F20EDF9A1E1B883600C842F9 /* Build configuration list for PBXProject "Coffeefy" */ = {
			isa = XCConfigurationList;
			buildConfigurations = (
				F20EDFAA1E1B883600C842F9 /* Debug */,
				F20EDFAB1E1B883600C842F9 /* Release */,
			);
			defaultConfigurationIsVisible = 0;
			defaultConfigurationName = Release;
		};
		F20EDFAC1E1B883600C842F9 /* Build configuration list for PBXNativeTarget "Coffeefy" */ = {
			isa = XCConfigurationList;
			buildConfigurations = (
				F20EDFAD1E1B883600C842F9 /* Debug */,
				F20EDFAE1E1B883600C842F9 /* Release */,
			);
			defaultConfigurationIsVisible = 0;
			defaultConfigurationName = Release;
		};
/* End XCConfigurationList section */
	};
	rootObject = F20EDF971E1B883600C842F9 /* Project object */;
}
